github.com/google/go-cmp v0.6.0 h1:ofyhxvXcZhMsU5ulbFiLKl/XBFqE1GSq7atu8tAmTRI=
github.com/google/uuid v1.5.0 h1:1p67kYwdtXjb0gL0BPiP1Av9wiZPo5A8z2cWkTZ+eyU=
github.com/google/uuid v1.5.0/go.mod h1:TIyPZe4MgqvfeYDBFedMoGGpEw/LqOeaOT+nhxU+yHo=
go.xrstf.de/rudi v0.2.1-0.20231205152938-7272c971e798 h1:HQ5/HYRmW9tsSp877FiyRnREvqbQ/XjQYarNHQLqGQM=
go.xrstf.de/rudi v0.2.1-0.20231205152938-7272c971e798/go.mod h1:ERo0X1RhWc5J8FFlNWx9i0j3ZEvrRD/YXqVvo+q1rfo=
